20996
/home/gee/.jdks/openjdk-21.0.1/bin/java -XX:TieredStopAtLevel=1 -cp /home/gee/Projects/Bakery-Store-RE/Part_001/P001/vaadin-flow-springboot/target/classes:/home/gee/.m2/repository/org/slf4j/slf4j-api/2.0.9/slf4j-api-2.0.9.jar:/home/gee/.m2/repository/commons-io/commons-io/2.6/commons-io-2.6.jar:/home/gee/.m2/repository/org/apache/commons/commons-lang3/3.13.0/commons-lang3-3.13.0.jar:/home/gee/.m2/repository/org/apache/commons/commons-compress/1.18/commons-compress-1.18.jar:/home/gee/.m2/repository/org/jsoup/jsoup/1.11.3/jsoup-1.11.3.jar:/home/gee/.m2/repository/org/projectlombok/lombok/1.18.30/lombok-1.18.30.jar:/home/gee/.m2/repository/jakarta/servlet/jakarta.servlet-api/6.0.0/jakarta.servlet-api-6.0.0.jar:/home/gee/.m2/repository/commons-logging/commons-logging/1.1.1/commons-logging-1.1.1.jar:/home/gee/.m2/repository/com/h2database/h2/2.2.224/h2-2.2.224.jar:/home/gee/.m2/repository/com/vaadin/vaadin/24.3.2/vaadin-24.3.2.jar:/home/gee/.m2/repository/com/vaadin/vaadin-internal/24.3.2/vaadin-internal-24.3.2.jar:/home/gee/.m2/repository/com/vaadin/vaadin-core-internal/24.3.2/vaadin-core-internal-24.3.2.jar:/home/gee/.m2/repository/com/vaadin/flow-lit-template/24.3.2/flow-lit-template-24.3.2.jar:/home/gee/.m2/repository/com/vaadin/flow-html-components/24.3.2/flow-html-components-24.3.2.jar:/home/gee/.m2/repository/com/vaadin/flow-dnd/24.3.2/flow-dnd-24.3.2.jar:/home/gee/.m2/repository/com/vaadin/vaadin-lumo-theme/24.3.2/vaadin-lumo-theme-24.3.2.jar:/home/gee/.m2/repository/com/vaadin/vaadin-material-theme/24.3.2/vaadin-material-theme-24.3.2.jar:/home/gee/.m2/repository/com/vaadin/vaadin-accordion-flow/24.3.2/vaadin-accordion-flow-24.3.2.jar:/home/gee/.m2/repository/com/vaadin/vaadin-avatar-flow/24.3.2/vaadin-avatar-flow-24.3.2.jar:/home/gee/.m2/repository/com/vaadin/vaadin-button-flow/24.3.2/vaadin-button-flow-24.3.2.jar:/home/gee/.m2/repository/com/vaadin/vaadin-checkbox-flow/24.3.2/vaadin-checkbox-flow-24.3.2.jar:/home/gee/.m2/repository/com/vaadin/vaadin-combo-box-flow/24.3.2/vaadin-combo-box-flow-24.3.2.jar:/home/gee/.m2/repository/com/vaadin/vaadin-confirm-dialog-flow/24.3.2/vaadin-confirm-dialog-flow-24.3.2.jar:/home/gee/.m2/repository/com/vaadin/vaadin-custom-field-flow/24.3.2/vaadin-custom-field-flow-24.3.2.jar:/home/gee/.m2/repository/com/vaadin/vaadin-date-picker-flow/24.3.2/vaadin-date-picker-flow-24.3.2.jar:/home/gee/.m2/repository/com/vaadin/vaadin-date-time-picker-flow/24.3.2/vaadin-date-time-picker-flow-24.3.2.jar:/home/gee/.m2/repository/com/vaadin/vaadin-details-flow/24.3.2/vaadin-details-flow-24.3.2.jar:/home/gee/.m2/repository/com/vaadin/vaadin-time-picker-flow/24.3.2/vaadin-time-picker-flow-24.3.2.jar:/home/gee/.m2/repository/com/vaadin/vaadin-select-flow/24.3.2/vaadin-select-flow-24.3.2.jar:/home/gee/.m2/repository/com/vaadin/vaadin-side-nav-flow/24.3.2/vaadin-side-nav-flow-24.3.2.jar:/home/gee/.m2/repository/com/vaadin/vaadin-dialog-flow/24.3.2/vaadin-dialog-flow-24.3.2.jar:/home/gee/.m2/repository/com/vaadin/vaadin-form-layout-flow/24.3.2/vaadin-form-layout-flow-24.3.2.jar:/home/gee/.m2/repository/com/vaadin/vaadin-field-highlighter-flow/24.3.2/vaadin-field-highlighter-flow-24.3.2.jar:/home/gee/.m2/repository/com/vaadin/vaadin-grid-flow/24.3.2/vaadin-grid-flow-24.3.2.jar:/home/gee/.m2/repository/com/vaadin/vaadin-icons-flow/24.3.2/vaadin-icons-flow-24.3.2.jar:/home/gee/.m2/repository/com/vaadin/vaadin-virtual-list-flow/24.3.2/vaadin-virtual-list-flow-24.3.2.jar:/home/gee/.m2/repository/com/vaadin/vaadin-list-box-flow/24.3.2/vaadin-list-box-flow-24.3.2.jar:/home/gee/.m2/repository/com/vaadin/vaadin-login-flow/24.3.2/vaadin-login-flow-24.3.2.jar:/home/gee/.m2/repository/com/vaadin/vaadin-messages-flow/24.3.2/vaadin-messages-flow-24.3.2.jar:/home/gee/.m2/repository/com/vaadin/vaadin-ordered-layout-flow/24.3.2/vaadin-ordered-layout-flow-24.3.2.jar:/home/gee/.m2/repository/com/vaadin/vaadin-progress-bar-flow/24.3.2/vaadin-progress-bar-flow-24.3.2.jar:/home/gee/.m2/repository/com/vaadin/vaadin-radio-button-flow/24.3.2/vaadin-radio-button-flow-24.3.2.jar:/home/gee/.m2/repository/com/vaadin/vaadin-renderer-fl
